
Microsoft Visual Studio Solution File, Format Version 12.00
# Visual Studio Version 16
VisualStudioVersion = 16.0.30907.101
MinimumVisualStudioVersion = 10.0.40219.1
Project("{FAE04EC0-301F-11D3-BF4B-00C04F79EFBC}") = "GithubSearch", "GithubSearch\GithubSearch.csproj", "{A3B86A6D-A25F-494C-8E03-395D46D1CFFF}"
EndProject
Project("{FAE04EC0-301F-11D3-BF4B-00C04F79EFBC}") = "Frontend", "Frontend\Frontend.csproj", "{BE68F92A-1404-45F4-B13C-A7EBD055DAA0}"
EndProject
Global
	GlobalSection(SolutionConfigurationPlatforms) = preSolution
		Debug|Any CPU = Debug|Any CPU
		Release|Any CPU = Release|Any CPU
	EndGlobalSection
	GlobalSection(ProjectConfigurationPlatforms) = postSolution
		{A3B86A6D-A25F-494C-8E03-395D46D1CFFF}.Debug|Any CPU.ActiveCfg = Debug|Any CPU
		{A3B86A6D-A25F-494C-8E03-395D46D1CFFF}.Debug|Any CPU.Build.0 = Debug|Any CPU
		{A3B86A6D-A25F-494C-8E03-395D46D1CFFF}.Release|Any CPU.ActiveCfg = Release|Any CPU
		{A3B86A6D-A25F-494C-8E03-395D46D1CFFF}.Release|Any CPU.Build.0 = Release|Any CPU
		{BE68F92A-1404-45F4-B13C-A7EBD055DAA0}.Debug|Any CPU.ActiveCfg = Debug|Any CPU
		{BE68F92A-1404-45F4-B13C-A7EBD055DAA0}.Debug|Any CPU.Build.0 = Debug|Any CPU
		{BE68F92A-1404-45F4-B13C-A7EBD055DAA0}.Release|Any CPU.ActiveCfg = Release|Any CPU
		{BE68F92A-1404-45F4-B13C-A7EBD055DAA0}.Release|Any CPU.Build.0 = Release|Any CPU
	EndGlobalSection
	GlobalSection(SolutionProperties) = preSolution
		HideSolutionNode = FALSE
	EndGlobalSection
	GlobalSection(ExtensibilityGlobals) = postSolution
		SolutionGuid = {536D98AD-C178-47D0-871E-9AA483D2EF80}
	EndGlobalSection
EndGlobal
